
Microsoft Visual Studio Solution File, Format Version 12.00
# Visual Studio Version 17
VisualStudioVersion = 17.13.35931.197 d17.13
MinimumVisualStudioVersion = 10.0.40219.1
Project("{FAE04EC0-301F-11D3-BF4B-00C04F79EFBC}") = "FieldAnalysis", "FieldAnalysis\FieldAnalysis.csproj", "{3D8F34F8-340A-434B-82F4-A13ED178C41D}"
EndProject
Global
	GlobalSection(SolutionConfigurationPlatforms) = preSolution
		Debug|Any CPU = Debug|Any CPU
		Release|Any CPU = Release|Any CPU
	EndGlobalSection
	GlobalSection(ProjectConfigurationPlatforms) = postSolution
		{3D8F34F8-340A-434B-82F4-A13ED178C41D}.Debug|Any CPU.ActiveCfg = Debug|Any CPU
		{3D8F34F8-340A-434B-82F4-A13ED178C41D}.Debug|Any CPU.Build.0 = Debug|Any CPU
		{3D8F34F8-340A-434B-82F4-A13ED178C41D}.Release|Any CPU.ActiveCfg = Release|Any CPU
		{3D8F34F8-340A-434B-82F4-A13ED178C41D}.Release|Any CPU.Build.0 = Release|Any CPU
	EndGlobalSection
	GlobalSection(SolutionProperties) = preSolution
		HideSolutionNode = FALSE
	EndGlobalSection
	GlobalSection(ExtensibilityGlobals) = postSolution
		SolutionGuid = {29FFB3E1-911D-4E5B-9767-71BCF0B35CE2}
	EndGlobalSection
EndGlobal
